<Solution>
  <Folder Name="/Solution Items/">
    <File Path="Directory.Packages.props" />
    <File Path="Dockerfile" />
  </Folder>
  <Folder Name="/src/">
    <Project Path="src/EdcScraper.Worker/EdcScraper.Worker.csproj" />
    <Project Path="src/EdcScraper/EdcScraper.csproj" />
  </Folder>
  <Folder Name="/tests/">
    <Project Path="tests/EdcScraper.Tests/EdcScraper.Tests.csproj" />
  </Folder>
  <Folder Name="/tools/">
    <Project Path="tools/EdcScraper.Sample/EdcScraper.Sample.csproj" />
  </Folder>
</Solution>
